{
  "name": "request-promise-core",
  "version": "1.1.1",
  "lockfileVersion": 1,
  "requires": true,
  "dependencies": {
    "fast-safe-stringify": {
      "version": "2.0.3",
      "resolved": "https://registry.npmjs.org/fast-safe-stringify/-/fast-safe-stringify-2.0.3.tgz",
      "integrity": "sha512-z7O+bbWRg1eq42SRn7xKrs8XS7997bK8UIJp+kV2cbpwQ2D8stgrF0056IbcciZfdRnuX0RyTyDWNmw+gkcvcg=="
    }
  }
}
